
Microsoft Visual Studio Solution File, Format Version 12.00
# Visual Studio Version 16
VisualStudioVersion = 16.0.30503.244
MinimumVisualStudioVersion = 10.0.40219.1
Project("{FAE04EC0-301F-11D3-BF4B-00C04F79EFBC}") = "Skogen", "SkogenOchVirus\Skogen.csproj", "{C4B8B20D-AC75-49A4-9336-056E3DD57A49}"
EndProject
Project("{FAE04EC0-301F-11D3-BF4B-00C04F79EFBC}") = "Virusepidemin", "Virusepidemin\Virusepidemin.csproj", "{1B5D4F51-252B-4DD7-90F6-DDD0512D1E89}"
EndProject
Global
	GlobalSection(SolutionConfigurationPlatforms) = preSolution
		Debug|Any CPU = Debug|Any CPU
		Release|Any CPU = Release|Any CPU
	EndGlobalSection
	GlobalSection(ProjectConfigurationPlatforms) = postSolution
		{C4B8B20D-AC75-49A4-9336-056E3DD57A49}.Debug|Any CPU.ActiveCfg = Debug|Any CPU
		{C4B8B20D-AC75-49A4-9336-056E3DD57A49}.Debug|Any CPU.Build.0 = Debug|Any CPU
		{C4B8B20D-AC75-49A4-9336-056E3DD57A49}.Release|Any CPU.ActiveCfg = Release|Any CPU
		{C4B8B20D-AC75-49A4-9336-056E3DD57A49}.Release|Any CPU.Build.0 = Release|Any CPU
		{1B5D4F51-252B-4DD7-90F6-DDD0512D1E89}.Debug|Any CPU.ActiveCfg = Debug|Any CPU
		{1B5D4F51-252B-4DD7-90F6-DDD0512D1E89}.Debug|Any CPU.Build.0 = Debug|Any CPU
		{1B5D4F51-252B-4DD7-90F6-DDD0512D1E89}.Release|Any CPU.ActiveCfg = Release|Any CPU
		{1B5D4F51-252B-4DD7-90F6-DDD0512D1E89}.Release|Any CPU.Build.0 = Release|Any CPU
	EndGlobalSection
	GlobalSection(SolutionProperties) = preSolution
		HideSolutionNode = FALSE
	EndGlobalSection
	GlobalSection(ExtensibilityGlobals) = postSolution
		SolutionGuid = {BB7407B8-77BC-4E26-8088-2D87CBFF8662}
	EndGlobalSection
EndGlobal
